
Microsoft Visual Studio Solution File, Format Version 12.00
# Visual Studio 2012
Project("{8BC9CEB8-8B4A-11D0-8D11-00A0C91BC942}") = "BankApplication", "BankApplication\BankApplication.vcxproj", "{EEB5AC1B-8750-4105-9F54-21F0804FE38B}"
EndProject
Global
	GlobalSection(SolutionConfigurationPlatforms) = preSolution
		Debug|Win32 = Debug|Win32
		Release|Win32 = Release|Win32
	EndGlobalSection
	GlobalSection(ProjectConfigurationPlatforms) = postSolution
		{EEB5AC1B-8750-4105-9F54-21F0804FE38B}.Debug|Win32.ActiveCfg = Debug|Win32
		{EEB5AC1B-8750-4105-9F54-21F0804FE38B}.Debug|Win32.Build.0 = Debug|Win32
		{EEB5AC1B-8750-4105-9F54-21F0804FE38B}.Release|Win32.ActiveCfg = Release|Win32
		{EEB5AC1B-8750-4105-9F54-21F0804FE38B}.Release|Win32.Build.0 = Release|Win32
	EndGlobalSection
	GlobalSection(SolutionProperties) = preSolution
		HideSolutionNode = FALSE
	EndGlobalSection
EndGlobal
